
Microsoft Visual Studio Solution File, Format Version 12.00
# Visual Studio 15
Project("{FAE04EC0-301F-11D3-BF4B-00C04F79EFBC}") = "Assembly-CSharp", "Assembly-CSharp.csproj", "{614B132A-FE1F-B1BD-B21E-92BD0B2D84E1}"
EndProject
Project("{FAE04EC0-301F-11D3-BF4B-00C04F79EFBC}") = "PhotonUnityNetworking.Demos", "PhotonUnityNetworking.Demos.csproj", "{16F2B0E3-5550-C102-8BDA-F5FBB35ADFA2}"
EndProject
Project("{FAE04EC0-301F-11D3-BF4B-00C04F79EFBC}") = "PhotonUnityNetworking.Utilities", "PhotonUnityNetworking.Utilities.csproj", "{0AEC4649-5300-365A-805A-B9005A3A91B1}"
EndProject
Project("{FAE04EC0-301F-11D3-BF4B-00C04F79EFBC}") = "PhotonChat", "PhotonChat.csproj", "{291BBAC6-F71D-E6A0-E34A-F143D5B48FC0}"
EndProject
Project("{FAE04EC0-301F-11D3-BF4B-00C04F79EFBC}") = "PhotonUnityNetworking", "PhotonUnityNetworking.csproj", "{B7172D8A-634D-89E2-708C-0DB872CA3D9D}"
EndProject
Project("{FAE04EC0-301F-11D3-BF4B-00C04F79EFBC}") = "PhotonRealtime", "PhotonRealtime.csproj", "{B505E695-B2EB-6D09-5BAA-D5456EE9B392}"
EndProject
Project("{FAE04EC0-301F-11D3-BF4B-00C04F79EFBC}") = "PhotonUnityNetworking.Editor", "PhotonUnityNetworking.Editor.csproj", "{6A95C121-A890-23E7-5FCD-6A97585717A3}"
EndProject
Project("{FAE04EC0-301F-11D3-BF4B-00C04F79EFBC}") = "Assembly-CSharp-Editor", "Assembly-CSharp-Editor.csproj", "{9A192C36-B6BA-5C51-539B-6D487C9C7023}"
EndProject
Project("{FAE04EC0-301F-11D3-BF4B-00C04F79EFBC}") = "PunDemos.DemoHubEditor", "PunDemos.DemoHubEditor.csproj", "{CE0276CE-3588-E63A-63C5-CC29E9CDFCED}"
EndProject
Project("{FAE04EC0-301F-11D3-BF4B-00C04F79EFBC}") = "PhotonUnityNetworking.Utilities.PhotonPlayer.Editor", "PhotonUnityNetworking.Utilities.PhotonPlayer.Editor.csproj", "{4EF5803C-1836-D08A-3535-94BF498644A6}"
EndProject
Project("{FAE04EC0-301F-11D3-BF4B-00C04F79EFBC}") = "PhotonUnityNetworking.Utilities.Culling.Editor", "PhotonUnityNetworking.Utilities.Culling.Editor.csproj", "{CC8F49CE-198E-472B-567C-AB5F1016D446}"
EndProject
Project("{FAE04EC0-301F-11D3-BF4B-00C04F79EFBC}") = "PunDemos.DemoSlotcarEditor", "PunDemos.DemoSlotcarEditor.csproj", "{2384F666-2C21-8835-1A4C-DDAB23F38D2C}"
EndProject
Global
	GlobalSection(SolutionConfigurationPlatforms) = preSolution
		Debug|Any CPU = Debug|Any CPU
		Release|Any CPU = Release|Any CPU
	EndGlobalSection
	GlobalSection(ProjectConfigurationPlatforms) = postSolution
		{614B132A-FE1F-B1BD-B21E-92BD0B2D84E1}.Debug|Any CPU.ActiveCfg = Debug|Any CPU
		{614B132A-FE1F-B1BD-B21E-92BD0B2D84E1}.Debug|Any CPU.Build.0 = Debug|Any CPU
		{614B132A-FE1F-B1BD-B21E-92BD0B2D84E1}.Release|Any CPU.ActiveCfg = Release|Any CPU
		{614B132A-FE1F-B1BD-B21E-92BD0B2D84E1}.Release|Any CPU.Build.0 = Release|Any CPU
		{16F2B0E3-5550-C102-8BDA-F5FBB35ADFA2}.Debug|Any CPU.ActiveCfg = Debug|Any CPU
		{16F2B0E3-5550-C102-8BDA-F5FBB35ADFA2}.Debug|Any CPU.Build.0 = Debug|Any CPU
		{16F2B0E3-5550-C102-8BDA-F5FBB35ADFA2}.Release|Any CPU.ActiveCfg = Release|Any CPU
		{16F2B0E3-5550-C102-8BDA-F5FBB35ADFA2}.Release|Any CPU.Build.0 = Release|Any CPU
		{0AEC4649-5300-365A-805A-B9005A3A91B1}.Debug|Any CPU.ActiveCfg = Debug|Any CPU
		{0AEC4649-5300-365A-805A-B9005A3A91B1}.Debug|Any CPU.Build.0 = Debug|Any CPU
		{0AEC4649-5300-365A-805A-B9005A3A91B1}.Release|Any CPU.ActiveCfg = Release|Any CPU
		{0AEC4649-5300-365A-805A-B9005A3A91B1}.Release|Any CPU.Build.0 = Release|Any CPU
		{291BBAC6-F71D-E6A0-E34A-F143D5B48FC0}.Debug|Any CPU.ActiveCfg = Debug|Any CPU
		{291BBAC6-F71D-E6A0-E34A-F143D5B48FC0}.Debug|Any CPU.Build.0 = Debug|Any CPU
		{291BBAC6-F71D-E6A0-E34A-F143D5B48FC0}.Release|Any CPU.ActiveCfg = Release|Any CPU
		{291BBAC6-F71D-E6A0-E34A-F143D5B48FC0}.Release|Any CPU.Build.0 = Release|Any CPU
		{B7172D8A-634D-89E2-708C-0DB872CA3D9D}.Debug|Any CPU.ActiveCfg = Debug|Any CPU
		{B7172D8A-634D-89E2-708C-0DB872CA3D9D}.Debug|Any CPU.Build.0 = Debug|Any CPU
		{B7172D8A-634D-89E2-708C-0DB872CA3D9D}.Release|Any CPU.ActiveCfg = Release|Any CPU
		{B7172D8A-634D-89E2-708C-0DB872CA3D9D}.Release|Any CPU.Build.0 = Release|Any CPU
		{B505E695-B2EB-6D09-5BAA-D5456EE9B392}.Debug|Any CPU.ActiveCfg = Debug|Any CPU
		{B505E695-B2EB-6D09-5BAA-D5456EE9B392}.Debug|Any CPU.Build.0 = Debug|Any CPU
		{B505E695-B2EB-6D09-5BAA-D5456EE9B392}.Release|Any CPU.ActiveCfg = Release|Any CPU
		{B505E695-B2EB-6D09-5BAA-D5456EE9B392}.Release|Any CPU.Build.0 = Release|Any CPU
		{6A95C121-A890-23E7-5FCD-6A97585717A3}.Debug|Any CPU.ActiveCfg = Debug|Any CPU
		{6A95C121-A890-23E7-5FCD-6A97585717A3}.Debug|Any CPU.Build.0 = Debug|Any CPU
		{6A95C121-A890-23E7-5FCD-6A97585717A3}.Release|Any CPU.ActiveCfg = Release|Any CPU
		{6A95C121-A890-23E7-5FCD-6A97585717A3}.Release|Any CPU.Build.0 = Release|Any CPU
		{9A192C36-B6BA-5C51-539B-6D487C9C7023}.Debug|Any CPU.ActiveCfg = Debug|Any CPU
		{9A192C36-B6BA-5C51-539B-6D487C9C7023}.Debug|Any CPU.Build.0 = Debug|Any CPU
		{9A192C36-B6BA-5C51-539B-6D487C9C7023}.Release|Any CPU.ActiveCfg = Release|Any CPU
		{9A192C36-B6BA-5C51-539B-6D487C9C7023}.Release|Any CPU.Build.0 = Release|Any CPU
		{CE0276CE-3588-E63A-63C5-CC29E9CDFCED}.Debug|Any CPU.ActiveCfg = Debug|Any CPU
		{CE0276CE-3588-E63A-63C5-CC29E9CDFCED}.Debug|Any CPU.Build.0 = Debug|Any CPU
		{CE0276CE-3588-E63A-63C5-CC29E9CDFCED}.Release|Any CPU.ActiveCfg = Release|Any CPU
		{CE0276CE-3588-E63A-63C5-CC29E9CDFCED}.Release|Any CPU.Build.0 = Release|Any CPU
		{4EF5803C-1836-D08A-3535-94BF498644A6}.Debug|Any CPU.ActiveCfg = Debug|Any CPU
		{4EF5803C-1836-D08A-3535-94BF498644A6}.Debug|Any CPU.Build.0 = Debug|Any CPU
		{4EF5803C-1836-D08A-3535-94BF498644A6}.Release|Any CPU.ActiveCfg = Release|Any CPU
		{4EF5803C-1836-D08A-3535-94BF498644A6}.Release|Any CPU.Build.0 = Release|Any CPU
		{CC8F49CE-198E-472B-567C-AB5F1016D446}.Debug|Any CPU.ActiveCfg = Debug|Any CPU
		{CC8F49CE-198E-472B-567C-AB5F1016D446}.Debug|Any CPU.Build.0 = Debug|Any CPU
		{CC8F49CE-198E-472B-567C-AB5F1016D446}.Release|Any CPU.ActiveCfg = Release|Any CPU
		{CC8F49CE-198E-472B-567C-AB5F1016D446}.Release|Any CPU.Build.0 = Release|Any CPU
		{2384F666-2C21-8835-1A4C-DDAB23F38D2C}.Debug|Any CPU.ActiveCfg = Debug|Any CPU
		{2384F666-2C21-8835-1A4C-DDAB23F38D2C}.Debug|Any CPU.Build.0 = Debug|Any CPU
		{2384F666-2C21-8835-1A4C-DDAB23F38D2C}.Release|Any CPU.ActiveCfg = Release|Any CPU
		{2384F666-2C21-8835-1A4C-DDAB23F38D2C}.Release|Any CPU.Build.0 = Release|Any CPU
	EndGlobalSection
	GlobalSection(SolutionProperties) = preSolution
		HideSolutionNode = FALSE
	EndGlobalSection
EndGlobal
